schema: '2.0'
stages:
  data_split:
    cmd: python src/data_split.py
    deps:
    - path: data/all_data/
      hash: md5
      md5: aeb80fd6d5a557e3a747678005b348a9.dir
      size: 88985110
      nfiles: 224
    - path: src/data_split.py
      hash: md5
      md5: 92cbc3ea6a0740e559466a998e11ba99
      size: 3506
    params:
      params.yaml:
        base:
          random_seed: 0
          model_image_size: 512
          loss_function: dice_loss
          image_channels: 1
          output_classes: 2
        data_split:
          test_split: 0.2
          data_dir: data/all_data/
          train_data_dir: data/train/
          test_data_dir: data/test/
    outs:
    - path: data/test
      hash: md5
      md5: ba1ad641e789aae4c6a33baf49d9874a.dir
      size: 17491726
      nfiles: 44
    - path: data/train
      hash: md5
      md5: 813d988f50563b76108aee71c6dd029f.dir
      size: 69891067
      nfiles: 176
  train:
    cmd: python src/train.py
    deps:
    - path: data/train/
      hash: md5
      md5: 813d988f50563b76108aee71c6dd029f.dir
      size: 69891067
      nfiles: 176
    - path: src/train.py
      hash: md5
      md5: ed3b692d7aec1a93a56f1836ae7a0f76
      size: 9791
    - path: src/unet.py
      hash: md5
      md5: 2ba1fb39428adaf94985a85d02ad7e82
      size: 8314
    params:
      params.yaml:
        base:
          random_seed: 0
          model_image_size: 512
          loss_function: dice_loss
          image_channels: 1
          output_classes: 2
        train:
          train_data_dir: data/train/
          model_save_dir: models/
          batch_size: 2
          epochs: 40
          conv_activation_function: relu
          final_activation_function: softmax
          learning_rate: 0.0001
          norm_upper_bound: 7
          norm_lower_bound: -1
          validation_split: 0.2
    outs:
    - path: models/dna-damage-model.keras
      hash: md5
      md5: 5f1bd1d180f3a5aab6d3bdddfbc1e889
      size: 23468340
    - path: results/train/
      hash: md5
      md5: c608a45bc561d30222ce44e3c34306b9.dir
      size: 3153
      nfiles: 5
  evaluate:
    cmd: python src/evaluate.py
    deps:
    - path: data/test/
      hash: md5
      md5: ba1ad641e789aae4c6a33baf49d9874a.dir
      size: 17491726
      nfiles: 44
    - path: models/dna-damage-model.keras
      hash: md5
      md5: 5f1bd1d180f3a5aab6d3bdddfbc1e889
      size: 23468340
    - path: src/evaluate.py
      hash: md5
      md5: f6b1a7ca6029ba656399831892aac57e
      size: 6411
    - path: src/unet.py
      hash: md5
      md5: 2ba1fb39428adaf94985a85d02ad7e82
      size: 8314
    params:
      params.yaml:
        base:
          random_seed: 0
          model_image_size: 512
          loss_function: dice_loss
          image_channels: 1
          output_classes: 2
        evaluate:
          model_path: models/dna-damage-model.keras
          test_data_dir: data/test/
    outs:
    - path: results/evaluate/
      hash: md5
      md5: 361ff60745d9c3cd27a50fc9659a840c.dir
      size: 1744395
      nfiles: 12
